// !$*UTF8*$!
{
	archiveVersion = 1;
	classes = {
	};
	objectVersion = 50;
	objects = {

/* Begin PBXBuildFile section */
		C13E85BB24FA7269005E1E4A /* main.cpp in Sources */ = {isa = PBXBuildFile; fileRef = C13E85BA24FA7269005E1E4A /* main.cpp */; };
		C1CAE34424FAD02900FDCACE /* Game.cpp in Sources */ = {isa = PBXBuildFile; fileRef = C1CAE34224FAD02900FDCACE /* Game.cpp */; };
/* End PBXBuildFile section */

/* Begin PBXCopyFilesBuildPhase section */
		C13E85D624FA792F005E1E4A /* Embed Libraries */ = {
			isa = PBXCopyFilesBuildPhase;
			buildActionMask = 2147483647;
			dstPath = "";
			dstSubfolderSpec = 10;
			files = (
			);
			name = "Embed Libraries";
			runOnlyForDeploymentPostprocessing = 0;
		};
/* End PBXCopyFilesBuildPhase section */

/* Begin PBXFileReference section */
		C13E85B724FA7269005E1E4A /* Block Game */ = {isa = PBXFileReference; explicitFileType = "compiled.mach-o.executable"; includeInIndex = 0; path = "Block Game"; sourceTree = BUILT_PRODUCTS_DIR; };
		C13E85BA24FA7269005E1E4A /* main.cpp */ = {isa = PBXFileReference; lastKnownFileType = sourcecode.cpp.cpp; path = main.cpp; sourceTree = "<group>"; };
		C1CAE34224FAD02900FDCACE /* Game.cpp */ = {isa = PBXFileReference; lastKnownFileType = sourcecode.cpp.cpp; path = Game.cpp; sourceTree = "<group>"; };
		C1CAE34324FAD02900FDCACE /* Game.hpp */ = {isa = PBXFileReference; lastKnownFileType = sourcecode.cpp.h; path = Game.hpp; sourceTree = "<group>"; };
/* End PBXFileReference section */

/* Begin PBXFrameworksBuildPhase section */
		C13E85B524FA7269005E1E4A /* Frameworks */ = {
			isa = PBXFrameworksBuildPhase;
			buildActionMask = 2147483647;
			files = (
			);
			runOnlyForDeploymentPostprocessing = 0;
		};
/* End PBXFrameworksBuildPhase section */

/* Begin PBXGroup section */
		C13E85AF24FA7269005E1E4A = {
			isa = PBXGroup;
			children = (
				C13E85B924FA7269005E1E4A /* Block Game */,
				C13E85B824FA7269005E1E4A /* Products */,
				C13E85C624FA792F005E1E4A /* Frameworks */,
			);
			sourceTree = "<group>";
		};
		C13E85B824FA7269005E1E4A /* Products */ = {
			isa = PBXGroup;
			children = (
				C13E85B724FA7269005E1E4A /* Block Game */,
			);
			name = Products;
			sourceTree = "<group>";
		};
		C13E85B924FA7269005E1E4A /* Block Game */ = {
			isa = PBXGroup;
			children = (
				C13E85BA24FA7269005E1E4A /* main.cpp */,
				C1CAE34224FAD02900FDCACE /* Game.cpp */,
				C1CAE34324FAD02900FDCACE /* Game.hpp */,
			);
			path = "Block Game";
			sourceTree = "<group>";
		};
		C13E85C624FA792F005E1E4A /* Frameworks */ = {
			isa = PBXGroup;
			children = (
			);
			name = Frameworks;
			sourceTree = "<group>";
		};
/* End PBXGroup section */

/* Begin PBXNativeTarget section */
		C13E85B624FA7269005E1E4A /* Block Game */ = {
			isa = PBXNativeTarget;
			buildConfigurationList = C13E85C324FA7269005E1E4A /* Build configuration list for PBXNativeTarget "Block Game" */;
			buildPhases = (
				C13E85B424FA7269005E1E4A /* Sources */,
				C13E85B524FA7269005E1E4A /* Frameworks */,
				C13E85D624FA792F005E1E4A /* Embed Libraries */,
			);
			buildRules = (
			);
			dependencies = (
			);
			name = "Block Game";
			productName = "Block Game";
			productReference = C13E85B724FA7269005E1E4A /* Block Game */;
			productType = "com.apple.product-type.tool";
		};
/* End PBXNativeTarget section */

/* Begin PBXProject section */
		C13E85B024FA7269005E1E4A /* Project object */ = {
			isa = PBXProject;
			attributes = {
				LastUpgradeCheck = 1160;
				ORGANIZATIONNAME = "Furkan Yıldırım";
				TargetAttributes = {
					C13E85B624FA7269005E1E4A = {
						CreatedOnToolsVersion = 11.6;
					};
				};
			};
			buildConfigurationList = C13E85B324FA7269005E1E4A /* Build configuration list for PBXProject "Block Game" */;
			compatibilityVersion = "Xcode 9.3";
			developmentRegion = en;
			hasScannedForEncodings = 0;
			knownRegions = (
				en,
				Base,
			);
			mainGroup = C13E85AF24FA7269005E1E4A;
			productRefGroup = C13E85B824FA7269005E1E4A /* Products */;
			projectDirPath = "";
			projectRoot = "";
			targets = (
				C13E85B624FA7269005E1E4A /* Block Game */,
			);
		};
/* End PBXProject section */

/* Begin PBXSourcesBuildPhase section */
		C13E85B424FA7269005E1E4A /* Sources */ = {
			isa = PBXSourcesBuildPhase;
			buildActionMask = 2147483647;
			files = (
				C13E85BB24FA7269005E1E4A /* main.cpp in Sources */,
				C1CAE34424FAD02900FDCACE /* Game.cpp in Sources */,
			);
			runOnlyForDeploymentPostprocessing = 0;
		};
/* End PBXSourcesBuildPhase section */

/* Begin XCBuildConfiguration section */
		C13E85C124FA7269005E1E4A /* Debug */ = {
			isa = XCBuildConfiguration;
			buildSettings = {
				ARCHS = "$(NATIVE_ARCH_ACTUAL)";
				CLANG_CXX_LANGUAGE_STANDARD = "c++11";
				CLANG_CXX_LIBRARY = "libc++";
				FRAMEWORK_SEARCH_PATHS = (
					/Library/Frameworks/,
					"$(inherited)",
				);
				GCC_VERSION = com.apple.compilers.llvm.clang.1_0;
				HEADER_SEARCH_PATHS = (
					/usr/local/include/,
					"$(inherited)",
				);
				LIBRARY_SEARCH_PATHS = (
					/usr/local/lib/,
					"$(inherited)",
				);
				MACOSX_DEPLOYMENT_TARGET = 10.7;
				OTHER_LDFLAGS = (
					"$(inherited)",
					"$(SFML_SYSTEM)",
					"$(SFML_WINDOW)",
					"$(SFML_GRAPHICS)",
					"$(SFML_AUDIO)",
					"$(SFML_NETWORK)",
				);
				SFML_AUDIO = "$(SFML_LINK_PREFIX) sfml-audio$(SFML_LINK_SUFFIX)";
				SFML_BINARY_TYPE = FRAMEWORKS;
				SFML_GRAPHICS = "$(SFML_LINK_PREFIX) sfml-graphics$(SFML_LINK_SUFFIX)";
				SFML_LINK_DYLIBS_PREFIX = "-l";
				SFML_LINK_DYLIBS_SUFFIX = "";
				SFML_LINK_FRAMEWORKS_PREFIX = "-framework";
				SFML_LINK_FRAMEWORKS_SUFFIX = "";
				SFML_LINK_PREFIX = "$(SFML_LINK_$(SFML_BINARY_TYPE)_PREFIX)";
				SFML_LINK_SUFFIX = "$(SFML_LINK_$(SFML_BINARY_TYPE)_SUFFIX)";
				SFML_NETWORK = "$(SFML_LINK_PREFIX) sfml-network$(SFML_LINK_SUFFIX)";
				SFML_SYSTEM = "$(SFML_LINK_PREFIX) sfml-system$(SFML_LINK_SUFFIX)";
				SFML_WINDOW = "$(SFML_LINK_PREFIX) sfml-window$(SFML_LINK_SUFFIX)";
				SUPPORTED_PLATFORMS = macosx;
			};
			name = Debug;
		};
		C13E85C224FA7269005E1E4A /* Release */ = {
			isa = XCBuildConfiguration;
			buildSettings = {
				ARCHS = "$(NATIVE_ARCH_ACTUAL)";
				CLANG_CXX_LANGUAGE_STANDARD = "c++11";
				CLANG_CXX_LIBRARY = "libc++";
				FRAMEWORK_SEARCH_PATHS = (
					/Library/Frameworks/,
					"$(inherited)",
				);
				GCC_VERSION = com.apple.compilers.llvm.clang.1_0;
				HEADER_SEARCH_PATHS = (
					/usr/local/include/,
					"$(inherited)",
				);
				LIBRARY_SEARCH_PATHS = (
					/usr/local/lib/,
					"$(inherited)",
				);
				MACOSX_DEPLOYMENT_TARGET = 10.7;
				OTHER_LDFLAGS = (
					"$(inherited)",
					"$(SFML_SYSTEM)",
					"$(SFML_WINDOW)",
					"$(SFML_GRAPHICS)",
					"$(SFML_AUDIO)",
					"$(SFML_NETWORK)",
				);
				SFML_AUDIO = "$(SFML_LINK_PREFIX) sfml-audio$(SFML_LINK_SUFFIX)";
				SFML_BINARY_TYPE = FRAMEWORKS;
				SFML_GRAPHICS = "$(SFML_LINK_PREFIX) sfml-graphics$(SFML_LINK_SUFFIX)";
				SFML_LINK_DYLIBS_PREFIX = "-l";
				SFML_LINK_DYLIBS_SUFFIX = "";
				SFML_LINK_FRAMEWORKS_PREFIX = "-framework";
				SFML_LINK_FRAMEWORKS_SUFFIX = "";
				SFML_LINK_PREFIX = "$(SFML_LINK_$(SFML_BINARY_TYPE)_PREFIX)";
				SFML_LINK_SUFFIX = "$(SFML_LINK_$(SFML_BINARY_TYPE)_SUFFIX)";
				SFML_NETWORK = "$(SFML_LINK_PREFIX) sfml-network$(SFML_LINK_SUFFIX)";
				SFML_SYSTEM = "$(SFML_LINK_PREFIX) sfml-system$(SFML_LINK_SUFFIX)";
				SFML_WINDOW = "$(SFML_LINK_PREFIX) sfml-window$(SFML_LINK_SUFFIX)";
				SUPPORTED_PLATFORMS = macosx;
			};
			name = Release;
		};
		C13E85C424FA7269005E1E4A /* Debug */ = {
			isa = XCBuildConfiguration;
			buildSettings = {
				CODE_SIGN_STYLE = Automatic;
				PRODUCT_NAME = "$(TARGET_NAME)";
			};
			name = Debug;
		};
		C13E85C524FA7269005E1E4A /* Release */ = {
			isa = XCBuildConfiguration;
			buildSettings = {
				CODE_SIGN_STYLE = Automatic;
				PRODUCT_NAME = "$(TARGET_NAME)";
			};
			name = Release;
		};
/* End XCBuildConfiguration section */

/* Begin XCConfigurationList section */
		C13E85B324FA7269005E1E4A /* Build configuration list for PBXProject "Block Game" */ = {
			isa = XCConfigurationList;
			buildConfigurations = (
				C13E85C124FA7269005E1E4A /* Debug */,
				C13E85C224FA7269005E1E4A /* Release */,
			);
			defaultConfigurationIsVisible = 0;
			defaultConfigurationName = Release;
		};
		C13E85C324FA7269005E1E4A /* Build configuration list for PBXNativeTarget "Block Game" */ = {
			isa = XCConfigurationList;
			buildConfigurations = (
				C13E85C424FA7269005E1E4A /* Debug */,
				C13E85C524FA7269005E1E4A /* Release */,
			);
			defaultConfigurationIsVisible = 0;
			defaultConfigurationName = Release;
		};
/* End XCConfigurationList section */
	};
	rootObject = C13E85B024FA7269005E1E4A /* Project object */;
}
